
Microsoft Visual Studio Solution File, Format Version 12.00
# Visual Studio Version 17
VisualStudioVersion = 17.10.35122.118
MinimumVisualStudioVersion = 10.0.40219.1
Project("{FAE04EC0-301F-11D3-BF4B-00C04F79EFBC}") = "PaynauApp", "PaynauApp\PaynauApp.csproj", "{02ABF667-5289-4793-931F-D7E344B3B56E}"
EndProject
Project("{FAE04EC0-301F-11D3-BF4B-00C04F79EFBC}") = "PaynauApp_Application", "PaynauApp.Application\PaynauApp_Application.csproj", "{061AAC5C-9420-4722-86D7-D417C659E803}"
EndProject
Project("{FAE04EC0-301F-11D3-BF4B-00C04F79EFBC}") = "PaynauApp_Domain", "PaynauApp.Domain\PaynauApp_Domain.csproj", "{81B153C9-A082-41A6-8E34-615A3F6B29EA}"
EndProject
Project("{FAE04EC0-301F-11D3-BF4B-00C04F79EFBC}") = "PaynauApp_Infrastructure", "PaynauApp.Infrastructure\PaynauApp_Infrastructure.csproj", "{D3346AED-C855-4BA4-A054-7C94069EA252}"
EndProject
Global
	GlobalSection(SolutionConfigurationPlatforms) = preSolution
		Debug|Any CPU = Debug|Any CPU
		Release|Any CPU = Release|Any CPU
	EndGlobalSection
	GlobalSection(ProjectConfigurationPlatforms) = postSolution
		{02ABF667-5289-4793-931F-D7E344B3B56E}.Debug|Any CPU.ActiveCfg = Debug|Any CPU
		{02ABF667-5289-4793-931F-D7E344B3B56E}.Debug|Any CPU.Build.0 = Debug|Any CPU
		{02ABF667-5289-4793-931F-D7E344B3B56E}.Release|Any CPU.ActiveCfg = Release|Any CPU
		{02ABF667-5289-4793-931F-D7E344B3B56E}.Release|Any CPU.Build.0 = Release|Any CPU
		{061AAC5C-9420-4722-86D7-D417C659E803}.Debug|Any CPU.ActiveCfg = Debug|Any CPU
		{061AAC5C-9420-4722-86D7-D417C659E803}.Debug|Any CPU.Build.0 = Debug|Any CPU
		{061AAC5C-9420-4722-86D7-D417C659E803}.Release|Any CPU.ActiveCfg = Release|Any CPU
		{061AAC5C-9420-4722-86D7-D417C659E803}.Release|Any CPU.Build.0 = Release|Any CPU
		{81B153C9-A082-41A6-8E34-615A3F6B29EA}.Debug|Any CPU.ActiveCfg = Debug|Any CPU
		{81B153C9-A082-41A6-8E34-615A3F6B29EA}.Debug|Any CPU.Build.0 = Debug|Any CPU
		{81B153C9-A082-41A6-8E34-615A3F6B29EA}.Release|Any CPU.ActiveCfg = Release|Any CPU
		{81B153C9-A082-41A6-8E34-615A3F6B29EA}.Release|Any CPU.Build.0 = Release|Any CPU
		{D3346AED-C855-4BA4-A054-7C94069EA252}.Debug|Any CPU.ActiveCfg = Debug|Any CPU
		{D3346AED-C855-4BA4-A054-7C94069EA252}.Debug|Any CPU.Build.0 = Debug|Any CPU
		{D3346AED-C855-4BA4-A054-7C94069EA252}.Release|Any CPU.ActiveCfg = Release|Any CPU
		{D3346AED-C855-4BA4-A054-7C94069EA252}.Release|Any CPU.Build.0 = Release|Any CPU
	EndGlobalSection
	GlobalSection(SolutionProperties) = preSolution
		HideSolutionNode = FALSE
	EndGlobalSection
	GlobalSection(ExtensibilityGlobals) = postSolution
		SolutionGuid = {7A163073-8404-4158-A119-ADEADA61DF80}
	EndGlobalSection
EndGlobal
